
Microsoft Visual Studio Solution File, Format Version 12.00
# Visual Studio 15
VisualStudioVersion = 15.0.26228.9
MinimumVisualStudioVersion = 10.0.40219.1
Project("{FAE04EC0-301F-11D3-BF4B-00C04F79EFBC}") = "CarInventoryManagement", "CarInventoryManagement\CarInventoryManagement.csproj", "{CEEA4034-9C64-45FF-99DA-5CE67D7EECAF}"
EndProject
Project("{FAE04EC0-301F-11D3-BF4B-00C04F79EFBC}") = "ClassLibrary2", "ClassLibrary2\ClassLibrary2.csproj", "{96E36F05-B0BD-45D1-AB8B-316F396F5202}"
EndProject
Global
	GlobalSection(SolutionConfigurationPlatforms) = preSolution
		Debug|Any CPU = Debug|Any CPU
		Release|Any CPU = Release|Any CPU
	EndGlobalSection
	GlobalSection(ProjectConfigurationPlatforms) = postSolution
		{CEEA4034-9C64-45FF-99DA-5CE67D7EECAF}.Debug|Any CPU.ActiveCfg = Debug|Any CPU
		{CEEA4034-9C64-45FF-99DA-5CE67D7EECAF}.Debug|Any CPU.Build.0 = Debug|Any CPU
		{CEEA4034-9C64-45FF-99DA-5CE67D7EECAF}.Release|Any CPU.ActiveCfg = Release|Any CPU
		{CEEA4034-9C64-45FF-99DA-5CE67D7EECAF}.Release|Any CPU.Build.0 = Release|Any CPU
		{96E36F05-B0BD-45D1-AB8B-316F396F5202}.Debug|Any CPU.ActiveCfg = Debug|Any CPU
		{96E36F05-B0BD-45D1-AB8B-316F396F5202}.Debug|Any CPU.Build.0 = Debug|Any CPU
		{96E36F05-B0BD-45D1-AB8B-316F396F5202}.Release|Any CPU.ActiveCfg = Release|Any CPU
		{96E36F05-B0BD-45D1-AB8B-316F396F5202}.Release|Any CPU.Build.0 = Release|Any CPU
	EndGlobalSection
	GlobalSection(SolutionProperties) = preSolution
		HideSolutionNode = FALSE
	EndGlobalSection
EndGlobal
